# This file is automatically generated by fishy.
# It is not intended for manual editing.

version = 1

[[commits]]
entry_hash = "00203e51ba4a4ce6e816d246b6d85c106f02ed4935af43a65b6b8205c8e976dce4e7"
entry = "008714f1dbfc0346b33fd2fe0b48e3c61c693107e6347eb9832a9dabc41492bed60001330020d71ccd9dd038adefad3260a41223e484edbc32e5c96b41df467c36bbd8c1d84bdfe9894e3197e1407f20dd20337fcfa5934f0b1c49cfe888a197dda7bd74514654f225a0a80842bdfed7b9929598c168a98947e16c81eadbd7d2b43c1c6c7d04"
operation = "840100781a736368656d615f6669656c645f646566696e6974696f6e5f7631a2646e616d65646e616d65647479706563737472"

[[commits]]
entry_hash = "002097d86b56ddbfb9f75c4691a7ae3637388922d3b5d9514acd43060b86b0e96133"
entry = "008714f1dbfc0346b33fd2fe0b48e3c61c693107e6347eb9832a9dabc41492bed601013b0020b160439430b4645671251bd6f25fa8f94dc6cab39fb6cbe2e1c0205dd99284aad098dc39030c2e93578973b6dc134ef07abd05395b38bbde81d234bc6a4c49d7a9f9ad1584cbbf436735afa077fefa15b11592e9bb61bcdd468e92f66926f40f"
operation = "840100781a736368656d615f6669656c645f646566696e6974696f6e5f7631a2646e616d656c726567697374726174696f6e647479706563737472"

[[commits]]
entry_hash = "002070ff4ee9121d96ab6d79992104b6e46a15bff14897860a5c738f9c65bdcdf409"
entry = "008714f1dbfc0346b33fd2fe0b48e3c61c693107e6347eb9832a9dabc41492bed60201e20020fd4df94319cbe9b1d00953af1cf483cbd41858b27a7c9b719d214587ee0551ac2880b91754d8569ed8b5177d47f3890a3c102970f38bd6b03abbc92657b09edaa3278c5fd695098d333360755dfd07cf740e374f0455624f24e9ac65f6ed0e0b"
operation = "84010074736368656d615f646566696e6974696f6e5f7631a36b6465736372697074696f6e781c41206d6f746f722076656869636c6520746f20626520736861726564666669656c64738281784430303230336535316261346134636536653831366432343662366438356331303666303265643439333561663433613635623662383230356338653937366463653465378178443030323039376438366235366464626662396637356334363931613761653336333733383839323264336235643935313461636434333036306238366230653936313333646e616d6563636172"
