# This file is automatically generated by fishy.
# It is not intended for manual editing.

version = 1

[[commits]]
entry_hash = "0020127afbc9c688fbc739b54b210a6b5688e08eb41c0313a5371f7086eef4e65577"
entry = "006f8d7839a944d09c592f6b440dc81856314ca46efb82c1653d9e79493cb479e20001330020d71ccd9dd038adefad3260a41223e484edbc32e5c96b41df467c36bbd8c1d84b536b0bb85852c360560abc4061f46590267978bbf35f423d41ba5f31bb98315167dd8f06e46590750616d71584671fef83d8f91121f9e913ad841d0f82a3ae04"
operation = "840100781a736368656d615f6669656c645f646566696e6974696f6e5f7631a2646e616d65646e616d65647479706563737472"

[[commits]]
entry_hash = "0020200097ba344e4bdddba30d248f4fba4b9da1ba82469d4e30cbae1bf5cdcfee95"
entry = "006f8d7839a944d09c592f6b440dc81856314ca46efb82c1653d9e79493cb479e20101830020a89004ca0d04def332125cca58eaf9b9f30c6458c53ff8058375d2f72ff3edc0e2c10abe3835bd1aba5739835266c51fa75a5fa4de1caa187155418918160ea40044f5525ed48d338dd2f382a64aa972c80771be6ad62f4b9259932bfc44d20b"
operation = "84010074736368656d615f646566696e6974696f6e5f7631a36b6465736372697074696f6e7823416e20656e746974792077686963682063616e20626f6f6b2061207265736f75726365666669656c6473818158220020127afbc9c688fbc739b54b210a6b5688e08eb41c0313a5371f7086eef4e65577646e616d6566626f6f6b6572"

[[commits]]
entry_hash = "002041f47d30b1260dfbc32382c73c22184903f48a03346ac8a93f93a023dcdf3af2"
entry = "006f8d7839a944d09c592f6b440dc81856314ca46efb82c1653d9e79493cb479e20201330020d71ccd9dd038adefad3260a41223e484edbc32e5c96b41df467c36bbd8c1d84b8942bac526c6b4cb932e60412529c908a6ee03a1c9bb89bfa5d1687ba160aa1e6b38346c08eb084b4f6cb48ec71aa96b17f64e66a8a77edd36cdd3adbc0fa600"
operation = "840100781a736368656d615f6669656c645f646566696e6974696f6e5f7631a2646e616d65646e616d65647479706563737472"

[[commits]]
entry_hash = "002001e1196b8dd147dfb5446952a60317dbf34bfebfbb275b1496dbbdccc0ff0d67"
entry = "006f8d7839a944d09c592f6b440dc81856314ca46efb82c1653d9e79493cb479e20301380020fdf00e446dccac368c265480ca2427db73824618943aeb5b4d329705995483574f805664187758f8609d7ddba65798832d50f3d096c4be7076b634c5772546ee81e07c560a469ad60a71c2b76eff2488f0ca678a037e4039e48543836178c501"
operation = "840100781a736368656d615f6669656c645f646566696e6974696f6e5f7631a2646e616d6569747970655f6e616d65647479706563737472"

[[commits]]
entry_hash = "002072386d71b5fea531d6fe9e863b3a09215439d8546554eaae8956b872df06432f"
entry = "006f8d7839a944d09c592f6b440dc81856314ca46efb82c1653d9e79493cb479e204013a00209baa59e54a58453ce18617da44956374de5d140530cd8fa0cd4f054747f971fd7addfdd4540783188149737a63ed8506dde8388e9a8aeb9a6c8a3defbec0a07bb42a32fe1dea2c08cbd3140e3174b721f43efce0a19534242ac0bffd956a430f"
operation = "840100781a736368656d615f6669656c645f646566696e6974696f6e5f7631a2646e616d656b747970655f736368656d61647479706563737472"

[[commits]]
entry_hash = "0020eb4c0e77cf2195cb5db1260d9ac8bbe19930095bc3702eb676c67cd386ab49f1"
entry = "006f8d7839a944d09c592f6b440dc81856314ca46efb82c1653d9e79493cb479e20501be0020459ac9eaeeb317cc70249333de6b09f5bf1bf10f956af0c02f11c0d1c33ff64655ee5c3e8ecd9739db1052ef7a5b74f4a7ad30ec14438487b05c059a1376dfd9dd0424f9df309e8da20f1f0f3c0b3b29d6c551ab00fb9d4dd0145b70ea033a02"
operation = "84010074736368656d615f646566696e6974696f6e5f7631a36b6465736372697074696f6e734120626f6f6b61626c65207265736f75726365666669656c647383815822002041f47d30b1260dfbc32382c73c22184903f48a03346ac8a93f93a023dcdf3af2815822002001e1196b8dd147dfb5446952a60317dbf34bfebfbb275b1496dbbdccc0ff0d67815822002072386d71b5fea531d6fe9e863b3a09215439d8546554eaae8956b872df06432f646e616d65687265736f75726365"

[[commits]]
entry_hash = "002012ad828f86392ab7563d110c09dde89274044a3d1b34cc08830c14e5fc482132"
entry = "006f8d7839a944d09c592f6b440dc81856314ca46efb82c1653d9e79493cb479e206014200208f049e3409b722f88eeb75092d0ef03c6ec0910e842b8af650dba1cda6583d46368887aa43dacbc4e2ef0537de3b75e460b558f7d8b3d0a129bf8f7dded28268eca1f7a5152f1011903e6064d1aa28df0c1d9a43335c1ee9364be9bc4dae4a09"
operation = "840100781a736368656d615f6669656c645f646566696e6974696f6e5f7631a2646e616d6573726567697374726174696f6e5f6e756d626572647479706563737472"

[[commits]]
entry_hash = "0020749c997451dea55a6c39709a99c5158957419fbbffc7662e1d3364a014e618c0"
entry = "006f8d7839a944d09c592f6b440dc81856314ca46efb82c1653d9e79493cb479e207018c0020b54b1a3c176ab014d480f862eb6a92ecdd087184c78e91fc5739c9fbd6db4d9faae4621b58aa067b1e68af2c70326621b3a7c48797a8af24e44a0835c70159b958aa65e22892383f3a86070ab5adec5a911768ccc006f06f66369154906c5003"
operation = "840100781a736368656d615f6669656c645f646566696e6974696f6e5f7631a2646e616d65687265736f757263656474797065785772656c6174696f6e287265736f757263655f303032306562346330653737636632313935636235646231323630643961633862626531393933303039356263333730326562363736633637636433383661623439663129"

[[commits]]
entry_hash = "002009600a129d46812e0ac2b86ffaaa9219db94709fb2255ced53a6ede7e9ffd017"
entry = "006f8d7839a944d09c592f6b440dc81856314ca46efb82c1653d9e79493cb479e20801ab00205a97fc23d57bef5f4d1f103328bef95690d9da416d729af9bac0f6817103eed7ab668fd67443324352ec395c600d7ddd7d266a8dca5bbc085c037da4eb63a97ab35f75f85465ef4e24c14c5e36f111a084fb2d8c84b993a84bfef482395f6e02"
operation = "84010074736368656d615f646566696e6974696f6e5f7631a36b6465736372697074696f6e7820436172207370656369666963206461746120666f722061207265736f75726365666669656c647382815822002012ad828f86392ab7563d110c09dde89274044a3d1b34cc08830c14e5fc4821328158220020749c997451dea55a6c39709a99c5158957419fbbffc7662e1d3364a014e618c0646e616d656c6361725f7265736f75726365"

[[commits]]
entry_hash = "002013f68856571a7e220f519e7f3d99f9b11ebe58513b5051d4cecfbbca6cf7b18f"
entry = "006f8d7839a944d09c592f6b440dc81856314ca46efb82c1653d9e79493cb479e209018a002063380e006b912cba58e227571cfc36e819d1c5d643979832e8be392c8d54cb68b16a78f5983d6c35b3bb801e0b05453cbfe99e20b0e4abffa062765303815ae97e72b4039f4de20f8196ddb6a7218d660597dd0afb71379243ac2ba13e6c3000"
operation = "840100781a736368656d615f6669656c645f646566696e6974696f6e5f7631a2646e616d6566626f6f6b65726474797065785772656c6174696f6e287265736f757263655f303032306562346330653737636632313935636235646231323630643961633862626531393933303039356263333730326562363736633637636433383661623439663129"

[[commits]]
entry_hash = "00204a527ad494eb2c89395ed04a2aa9cac224ebd81f7336b3700b5202a642c537b7"
entry = "006f8d7839a944d09c592f6b440dc81856314ca46efb82c1653d9e79493cb479e20a018c0020b54b1a3c176ab014d480f862eb6a92ecdd087184c78e91fc5739c9fbd6db4d9f21e29d1d07f7d2adef300e06eaf0bc22475bb9c4f74abbcc648da8ff755718ffbb1398957e196825f5879749fac0ba8e71aa5533015216762ffcb840c10f6c0f"
operation = "840100781a736368656d615f6669656c645f646566696e6974696f6e5f7631a2646e616d65687265736f757263656474797065785772656c6174696f6e287265736f757263655f303032306562346330653737636632313935636235646231323630643961633862626531393933303039356263333730326562363736633637636433383661623439663129"

[[commits]]
entry_hash = "002028eb316a103348ae4e36af9ba2f79866e0f88ba65da87ce0afea377286870f2d"
entry = "006f8d7839a944d09c592f6b440dc81856314ca46efb82c1653d9e79493cb479e20b01a700203955ea2a97987f934966f550b56a2288fb4f5899d3d7be3a35344271ecbfcc750466069d7155259e8f82874cc8479a51a1d407aeb1f0c6d7d1c94c3edebcab286645fea50ea3c9d5a16ac7a415631c8b588c1b3dd6416b680f6e38f78608ba0c"
operation = "84010074736368656d615f646566696e6974696f6e5f7631a36b6465736372697074696f6e7821416e20696e7374616e6365206f6620626f6f6b696e672061207265736f75726365666669656c647382815822002013f68856571a7e220f519e7f3d99f9b11ebe58513b5051d4cecfbbca6cf7b18f81582200204a527ad494eb2c89395ed04a2aa9cac224ebd81f7336b3700b5202a642c537b7646e616d6567626f6f6b696e67"
